
Microsoft Visual Studio Solution File, Format Version 12.00
# Visual Studio Version 17
VisualStudioVersion = 17.10.35013.160
MinimumVisualStudioVersion = 10.0.40219.1
Project("{FAE04EC0-301F-11D3-BF4B-00C04F79EFBC}") = "Brisan Alexandru 2", "Brisan Alexandru 2.csproj", "{950B688E-F365-445E-94E4-E31675969AFE}"
EndProject
Global
	GlobalSection(SolutionConfigurationPlatforms) = preSolution
		Debug|Any CPU = Debug|Any CPU
		Release|Any CPU = Release|Any CPU
	EndGlobalSection
	GlobalSection(ProjectConfigurationPlatforms) = postSolution
		{950B688E-F365-445E-94E4-E31675969AFE}.Debug|Any CPU.ActiveCfg = Debug|Any CPU
		{950B688E-F365-445E-94E4-E31675969AFE}.Debug|Any CPU.Build.0 = Debug|Any CPU
		{950B688E-F365-445E-94E4-E31675969AFE}.Release|Any CPU.ActiveCfg = Release|Any CPU
		{950B688E-F365-445E-94E4-E31675969AFE}.Release|Any CPU.Build.0 = Release|Any CPU
	EndGlobalSection
	GlobalSection(SolutionProperties) = preSolution
		HideSolutionNode = FALSE
	EndGlobalSection
	GlobalSection(ExtensibilityGlobals) = postSolution
		SolutionGuid = {A1C09D4D-AD0A-4424-A759-99854F933D98}
	EndGlobalSection
EndGlobal
